
Microsoft Visual Studio Solution File, Format Version 12.00
# Visual Studio Version 17
VisualStudioVersion = 17.13.35806.99 d17.13
MinimumVisualStudioVersion = 10.0.40219.1
Project("{FAE04EC0-301F-11D3-BF4B-00C04F79EFBC}") = "ArevaloAgendaContactos", "ArevaloAgendaContactos\ArevaloAgendaContactos.csproj", "{03E3829B-4EA6-40DC-8F5E-0DFBE327EAE5}"
EndProject
Global
	GlobalSection(SolutionConfigurationPlatforms) = preSolution
		Debug|Any CPU = Debug|Any CPU
		Release|Any CPU = Release|Any CPU
	EndGlobalSection
	GlobalSection(ProjectConfigurationPlatforms) = postSolution
		{03E3829B-4EA6-40DC-8F5E-0DFBE327EAE5}.Debug|Any CPU.ActiveCfg = Debug|Any CPU
		{03E3829B-4EA6-40DC-8F5E-0DFBE327EAE5}.Debug|Any CPU.Build.0 = Debug|Any CPU
		{03E3829B-4EA6-40DC-8F5E-0DFBE327EAE5}.Release|Any CPU.ActiveCfg = Release|Any CPU
		{03E3829B-4EA6-40DC-8F5E-0DFBE327EAE5}.Release|Any CPU.Build.0 = Release|Any CPU
	EndGlobalSection
	GlobalSection(SolutionProperties) = preSolution
		HideSolutionNode = FALSE
	EndGlobalSection
	GlobalSection(ExtensibilityGlobals) = postSolution
		SolutionGuid = {ECD84D46-A3D3-44CC-AEF1-4A5F1015356A}
	EndGlobalSection
EndGlobal
